
Microsoft Visual Studio Solution File, Format Version 12.00
# Visual Studio Version 17
VisualStudioVersion = 17.2.32630.192
MinimumVisualStudioVersion = 10.0.40219.1
Project("{9A19103F-16F7-4668-BE54-9A1E7A4F7556}") = "ContactsAPI", "ContactsAPI\ContactsAPI.csproj", "{0A183ABE-EFEE-48EC-B1D0-585C927A284A}"
EndProject
Global
	GlobalSection(SolutionConfigurationPlatforms) = preSolution
		Debug|Any CPU = Debug|Any CPU
		Release|Any CPU = Release|Any CPU
	EndGlobalSection
	GlobalSection(ProjectConfigurationPlatforms) = postSolution
		{0A183ABE-EFEE-48EC-B1D0-585C927A284A}.Debug|Any CPU.ActiveCfg = Debug|Any CPU
		{0A183ABE-EFEE-48EC-B1D0-585C927A284A}.Debug|Any CPU.Build.0 = Debug|Any CPU
		{0A183ABE-EFEE-48EC-B1D0-585C927A284A}.Release|Any CPU.ActiveCfg = Release|Any CPU
		{0A183ABE-EFEE-48EC-B1D0-585C927A284A}.Release|Any CPU.Build.0 = Release|Any CPU
	EndGlobalSection
	GlobalSection(SolutionProperties) = preSolution
		HideSolutionNode = FALSE
	EndGlobalSection
	GlobalSection(ExtensibilityGlobals) = postSolution
		SolutionGuid = {7AA002CB-1823-44D8-9D74-1B93790AB327}
	EndGlobalSection
EndGlobal
